
Microsoft Visual Studio Solution File, Format Version 12.00
# Visual Studio Version 16
VisualStudioVersion = 16.0.31005.135
MinimumVisualStudioVersion = 10.0.40219.1
Project("{9092AA53-FB77-4645-B42D-1CCCA6BD08BD}") = "VuejsApp", "VuejsAppTest\VuejsApp.njsproj", "{44985C4F-3637-4B1F-B294-915414FE8EAC}"
EndProject
Global
	GlobalSection(SolutionConfigurationPlatforms) = preSolution
		Debug|Any CPU = Debug|Any CPU
		Release|Any CPU = Release|Any CPU
	EndGlobalSection
	GlobalSection(ProjectConfigurationPlatforms) = postSolution
		{44985C4F-3637-4B1F-B294-915414FE8EAC}.Debug|Any CPU.ActiveCfg = Debug|Any CPU
		{44985C4F-3637-4B1F-B294-915414FE8EAC}.Debug|Any CPU.Build.0 = Debug|Any CPU
		{44985C4F-3637-4B1F-B294-915414FE8EAC}.Release|Any CPU.ActiveCfg = Release|Any CPU
		{44985C4F-3637-4B1F-B294-915414FE8EAC}.Release|Any CPU.Build.0 = Release|Any CPU
	EndGlobalSection
	GlobalSection(SolutionProperties) = preSolution
		HideSolutionNode = FALSE
	EndGlobalSection
	GlobalSection(ExtensibilityGlobals) = postSolution
		SolutionGuid = {F196FBD5-491D-4A10-BD25-AEBF68B3A7E5}
	EndGlobalSection
EndGlobal
